
Microsoft Visual Studio Solution File, Format Version 12.00
# Visual Studio 2013
VisualStudioVersion = 12.0.30723.0
MinimumVisualStudioVersion = 10.0.40219.1
Project("{FAE04EC0-301F-11D3-BF4B-00C04F79EFBC}") = "Despise", "Despise\Despise.csproj", "{672D3973-3FFF-491E-8503-92402B8D2A2E}"
EndProject
Project("{FAE04EC0-301F-11D3-BF4B-00C04F79EFBC}") = "Despise.Tests", "Despise.Tests\Despise.Tests.csproj", "{6947C026-37D6-4C51-96B6-5E4CE243899C}"
EndProject
Global
	GlobalSection(SolutionConfigurationPlatforms) = preSolution
		Debug|Any CPU = Debug|Any CPU
		Release|Any CPU = Release|Any CPU
	EndGlobalSection
	GlobalSection(ProjectConfigurationPlatforms) = postSolution
		{672D3973-3FFF-491E-8503-92402B8D2A2E}.Debug|Any CPU.ActiveCfg = Debug|Any CPU
		{672D3973-3FFF-491E-8503-92402B8D2A2E}.Debug|Any CPU.Build.0 = Debug|Any CPU
		{672D3973-3FFF-491E-8503-92402B8D2A2E}.Release|Any CPU.ActiveCfg = Release|Any CPU
		{672D3973-3FFF-491E-8503-92402B8D2A2E}.Release|Any CPU.Build.0 = Release|Any CPU
		{6947C026-37D6-4C51-96B6-5E4CE243899C}.Debug|Any CPU.ActiveCfg = Debug|Any CPU
		{6947C026-37D6-4C51-96B6-5E4CE243899C}.Debug|Any CPU.Build.0 = Debug|Any CPU
		{6947C026-37D6-4C51-96B6-5E4CE243899C}.Release|Any CPU.ActiveCfg = Release|Any CPU
		{6947C026-37D6-4C51-96B6-5E4CE243899C}.Release|Any CPU.Build.0 = Release|Any CPU
	EndGlobalSection
	GlobalSection(SolutionProperties) = preSolution
		HideSolutionNode = FALSE
	EndGlobalSection
EndGlobal
